lockfileVersion: '9.0'

settings:
  autoInstallPeers: true
  excludeLinksFromLockfile: false

importers:

  .:
    devDependencies:
      turbo:
        specifier: ^2.3.0
        version: 2.9.14

  packages/infra:
    devDependencies:
      aws-cdk:
        specifier: 2.x
        version: 2.1124.1
      aws-cdk-lib:
        specifier: 2.x
        version: 2.256.1(constructs@10.6.0)
      constructs:
        specifier: ^10.0.0
        version: 10.6.0
      typescript:
        specifier: ^5.0.0
        version: 5.9.3

packages:

  '@aws-cdk/asset-awscli-v1@2.2.273':
    resolution: {integrity: sha512-X57HYUtHt9BQrlrzUNcMyRsDUCoakYNnY6qh5lNwRCHPtQoTfXmuISkfLk0AjLkcbS5lw1LLTQFiQhTDXfiTvg==}

  '@aws-cdk/asset-node-proxy-agent-v6@2.1.2':
    resolution: {integrity: sha512-pDiuqH+qY3zM9lhhLjbKJ1tnKOHzQ2V4Wr/3qsxyKeKAkuPMI/BVGvZG1PbrikUw949cGVTfVEt4ETKKYnrj0Q==}

  '@aws-cdk/cloud-assembly-schema@53.27.0':
    resolution: {integrity: sha512-OTxe/L2Vc60r2nYih7kFaFpn93sa7shJu9T0tQZsryeDE3HHOAuazKNmS6tLInOjJjVx/dvM5XGyUA+lZAiKxA==}
    engines: {node: '>= 18.0.0'}
    bundledDependencies:
      - jsonschema
      - semver

  '@turbo/darwin-64@2.9.14':
    resolution: {integrity: sha512-t7QiPflaEyBE4oayeZtSmu4mEfjgIrcNlNNl1z1dmIVPqEdtA7+CfTf8d7KXsOGPh6aNgWjKxyvQg9uGfDQF+A==}
    cpu: [x64]
    os: [darwin]

  '@turbo/darwin-arm64@2.9.14':
    resolution: {integrity: sha512-d23147mC9BsCPA9mJ0h/ubcpbRgcJBXbcG3+Vq7YLhjz3IXuvQsJ1UXH8f4MD76ZjJ4m/E4aRdJV+MW88CDfbw==}
    cpu: [arm64]
    os: [darwin]

  '@turbo/linux-64@2.9.14':
    resolution: {integrity: sha512-P3ZKB5tuUDdDQWuAsACGUR1qv9W7BNWxdxqVJ0kZNuNNPRaVYTPPikLcp79+GiEcW3npsR+KyP38lnQiBc5aSA==}
    cpu: [x64]
    os: [linux]

  '@turbo/linux-arm64@2.9.14':
    resolution: {integrity: sha512-ZRTlzcUMrrPv9ZuDzRF9n60Ym13bKeG9jDB8WjxyLhWNzV+AJQN+zdpIk3NJYf2zQsGUm1mNar2P0elRzLw25g==}
    cpu: [arm64]
    os: [linux]

  '@turbo/windows-64@2.9.14':
    resolution: {integrity: sha512-exanwN6sIduZwykYeiTQj8kCmOhazP5WOz3bvXMcYtjhL6Z3iRWLewKrXCBq0bqwSP3iBMb/AerRCnHI4lx46A==}
    cpu: [x64]
    os: [win32]

  '@turbo/windows-arm64@2.9.14':
    resolution: {integrity: sha512-fVdCsnmYoKICsycbWuuGp6Jvi51/3G/UluFWuAUCvR8PIW5IJkAk5BM9UF8PSm0Q2IphWHFZjYEgjHsh3B9y/g==}
    cpu: [arm64]
    os: [win32]

  aws-cdk-lib@2.256.1:
    resolution: {integrity: sha512-18xLE+iqzjvpYGGKJy+9zyvF8loUSXjpVV2MtVLPQ/hPgeWHQiVsqLOWNsBemd3pU7o0L9wXfRY+xqG80vlZFw==}
    engines: {node: '>= 20.0.0'}
    peerDependencies:
      constructs: ^10.5.0
    bundledDependencies:
      - '@balena/dockerignore'
      - '@aws-cdk/cloud-assembly-api'
      - case
      - fs-extra
      - ignore
      - jsonschema
      - minimatch
      - punycode
      - semver
      - table
      - yaml
      - mime-types

  aws-cdk@2.1124.1:
    resolution: {integrity: sha512-sRYdPMdkX+02EHaT946AFV0w0CMfbHKWpLZPv525xTCkaVu1eYu6DzHFuTdimxdSN0uGQ2D4LHrD1sr94tRhow==}
    engines: {node: '>= 18.0.0'}
    hasBin: true

  constructs@10.6.0:
    resolution: {integrity: sha512-TxHOnBO5zMo/G76ykzGF/wMpEHu257TbWiIxP9K0Yv/+t70UzgBQiTqjkAsWOPC6jW91DzJI0+ehQV6xDRNBuQ==}

  turbo@2.9.14:
    resolution: {integrity: sha512-BQqXRr4UoWI3UPFrtznCLykYHxwxWh53iCB57x092jPMjIlW1wnm3N895g5irpiXmnxUhREBB0n6+y8BHhs4nw==}
    hasBin: true

  typescript@5.9.3:
    resolution: {integrity: sha512-jl1vZzPDinLr9eUt3J/t7V6FgNEw9QjvBPdysz9KfQDD41fQrC2Y4vKQdiaUpFT4bXlb1RHhLpp8wtm6M5TgSw==}
    engines: {node: '>=14.17'}
    hasBin: true

snapshots:

  '@aws-cdk/asset-awscli-v1@2.2.273': {}

  '@aws-cdk/asset-node-proxy-agent-v6@2.1.2': {}

  '@aws-cdk/cloud-assembly-schema@53.27.0': {}

  '@turbo/darwin-64@2.9.14':
    optional: true

  '@turbo/darwin-arm64@2.9.14':
    optional: true

  '@turbo/linux-64@2.9.14':
    optional: true

  '@turbo/linux-arm64@2.9.14':
    optional: true

  '@turbo/windows-64@2.9.14':
    optional: true

  '@turbo/windows-arm64@2.9.14':
    optional: true

  aws-cdk-lib@2.256.1(constructs@10.6.0):
    dependencies:
      '@aws-cdk/asset-awscli-v1': 2.2.273
      '@aws-cdk/asset-node-proxy-agent-v6': 2.1.2
      '@aws-cdk/cloud-assembly-schema': 53.27.0
      constructs: 10.6.0

  aws-cdk@2.1124.1: {}

  constructs@10.6.0: {}

  turbo@2.9.14:
    optionalDependencies:
      '@turbo/darwin-64': 2.9.14
      '@turbo/darwin-arm64': 2.9.14
      '@turbo/linux-64': 2.9.14
      '@turbo/linux-arm64': 2.9.14
      '@turbo/windows-64': 2.9.14
      '@turbo/windows-arm64': 2.9.14

  typescript@5.9.3: {}
